
Microsoft Visual Studio Solution File, Format Version 12.00
# Visual Studio 15
VisualStudioVersion = 15.0.27428.2043
MinimumVisualStudioVersion = 10.0.40219.1
Project("{FAE04EC0-301F-11D3-BF4B-00C04F79EFBC}") = "consulta-cep", "consulta-cep\consulta-cep.csproj", "{28E58A33-CD4A-4544-928C-1FA4CD4D9AA3}"
EndProject
Global
	GlobalSection(SolutionConfigurationPlatforms) = preSolution
		Debug|Any CPU = Debug|Any CPU
		Release|Any CPU = Release|Any CPU
	EndGlobalSection
	GlobalSection(ProjectConfigurationPlatforms) = postSolution
		{28E58A33-CD4A-4544-928C-1FA4CD4D9AA3}.Debug|Any CPU.ActiveCfg = Debug|Any CPU
		{28E58A33-CD4A-4544-928C-1FA4CD4D9AA3}.Debug|Any CPU.Build.0 = Debug|Any CPU
		{28E58A33-CD4A-4544-928C-1FA4CD4D9AA3}.Release|Any CPU.ActiveCfg = Release|Any CPU
		{28E58A33-CD4A-4544-928C-1FA4CD4D9AA3}.Release|Any CPU.Build.0 = Release|Any CPU
	EndGlobalSection
	GlobalSection(SolutionProperties) = preSolution
		HideSolutionNode = FALSE
	EndGlobalSection
	GlobalSection(ExtensibilityGlobals) = postSolution
		SolutionGuid = {9593BFCD-D85A-4EFD-B9EB-8A484AF090FE}
	EndGlobalSection
EndGlobal
